
Microsoft Visual Studio Solution File, Format Version 12.00
# Visual Studio 2012
Project("{FAE04EC0-301F-11D3-BF4B-00C04F79EFBC}") = "SimpleMoney", "SimpleMoney\SimpleMoney.csproj", "{081C0672-4BD2-47FA-9F6A-E4B2B44B36C8}"
EndProject
Project("{FAE04EC0-301F-11D3-BF4B-00C04F79EFBC}") = "SimpleMoney.Tests", "SimpleMoney.Tests\SimpleMoney.Tests.csproj", "{F0C2376D-822C-4CAD-BD28-A2E3F2996D8B}"
EndProject
Global
	GlobalSection(SolutionConfigurationPlatforms) = preSolution
		Debug|Any CPU = Debug|Any CPU
		Release|Any CPU = Release|Any CPU
	EndGlobalSection
	GlobalSection(ProjectConfigurationPlatforms) = postSolution
		{081C0672-4BD2-47FA-9F6A-E4B2B44B36C8}.Debug|Any CPU.ActiveCfg = Debug|Any CPU
		{081C0672-4BD2-47FA-9F6A-E4B2B44B36C8}.Debug|Any CPU.Build.0 = Debug|Any CPU
		{081C0672-4BD2-47FA-9F6A-E4B2B44B36C8}.Release|Any CPU.ActiveCfg = Release|Any CPU
		{081C0672-4BD2-47FA-9F6A-E4B2B44B36C8}.Release|Any CPU.Build.0 = Release|Any CPU
		{F0C2376D-822C-4CAD-BD28-A2E3F2996D8B}.Debug|Any CPU.ActiveCfg = Debug|Any CPU
		{F0C2376D-822C-4CAD-BD28-A2E3F2996D8B}.Debug|Any CPU.Build.0 = Debug|Any CPU
		{F0C2376D-822C-4CAD-BD28-A2E3F2996D8B}.Release|Any CPU.ActiveCfg = Release|Any CPU
		{F0C2376D-822C-4CAD-BD28-A2E3F2996D8B}.Release|Any CPU.Build.0 = Release|Any CPU
	EndGlobalSection
	GlobalSection(SolutionProperties) = preSolution
		HideSolutionNode = FALSE
	EndGlobalSection
EndGlobal
